
Microsoft Visual Studio Solution File, Format Version 12.00
# Visual Studio Version 16
VisualStudioVersion = 16.0.30611.23
MinimumVisualStudioVersion = 10.0.40219.1
Project("{FAE04EC0-301F-11D3-BF4B-00C04F79EFBC}") = "Andrew.TagsDemo", "Andrew.TagsDemo\Andrew.TagsDemo.csproj", "{58C52DCE-1671-46EE-BF37-B1B2CC9B4FDE}"
EndProject
Global
	GlobalSection(SolutionConfigurationPlatforms) = preSolution
		Debug|Any CPU = Debug|Any CPU
		Release|Any CPU = Release|Any CPU
	EndGlobalSection
	GlobalSection(ProjectConfigurationPlatforms) = postSolution
		{58C52DCE-1671-46EE-BF37-B1B2CC9B4FDE}.Debug|Any CPU.ActiveCfg = Debug|Any CPU
		{58C52DCE-1671-46EE-BF37-B1B2CC9B4FDE}.Debug|Any CPU.Build.0 = Debug|Any CPU
		{58C52DCE-1671-46EE-BF37-B1B2CC9B4FDE}.Release|Any CPU.ActiveCfg = Release|Any CPU
		{58C52DCE-1671-46EE-BF37-B1B2CC9B4FDE}.Release|Any CPU.Build.0 = Release|Any CPU
	EndGlobalSection
	GlobalSection(SolutionProperties) = preSolution
		HideSolutionNode = FALSE
	EndGlobalSection
	GlobalSection(ExtensibilityGlobals) = postSolution
		SolutionGuid = {B3581A57-EA2D-4F1F-98C6-964563BFE353}
	EndGlobalSection
EndGlobal
